
Microsoft Visual Studio Solution File, Format Version 12.00
# Visual Studio Version 16
VisualStudioVersion = 16.0.33801.447
MinimumVisualStudioVersion = 10.0.40219.1
Project("{FAE04EC0-301F-11D3-BF4B-00C04F79EFBC}") = "SADA", "SADA\SADA.csproj", "{AFA0578B-A7AA-40F1-AE55-2CC6FC3A7EE4}"
EndProject
Global
	GlobalSection(SolutionConfigurationPlatforms) = preSolution
		Debug|Any CPU = Debug|Any CPU
		Release|Any CPU = Release|Any CPU
	EndGlobalSection
	GlobalSection(ProjectConfigurationPlatforms) = postSolution
		{AFA0578B-A7AA-40F1-AE55-2CC6FC3A7EE4}.Debug|Any CPU.ActiveCfg = Debug|Any CPU
		{AFA0578B-A7AA-40F1-AE55-2CC6FC3A7EE4}.Debug|Any CPU.Build.0 = Debug|Any CPU
		{AFA0578B-A7AA-40F1-AE55-2CC6FC3A7EE4}.Release|Any CPU.ActiveCfg = Release|Any CPU
		{AFA0578B-A7AA-40F1-AE55-2CC6FC3A7EE4}.Release|Any CPU.Build.0 = Release|Any CPU
	EndGlobalSection
	GlobalSection(SolutionProperties) = preSolution
		HideSolutionNode = FALSE
	EndGlobalSection
	GlobalSection(ExtensibilityGlobals) = postSolution
		SolutionGuid = {17800066-9774-4CB2-A06F-E75A7D023512}
	EndGlobalSection
EndGlobal
